
Microsoft Visual Studio Solution File, Format Version 12.00
# Visual Studio Version 17
VisualStudioVersion = 17.8.34302.71
MinimumVisualStudioVersion = 10.0.40219.1
Project("{9A19103F-16F7-4668-BE54-9A1E7A4F7556}") = "redmuffin.Blazor.StaticWeb", "src\redmuffin.Blazor.StaticWeb\redmuffin.Blazor.StaticWeb.csproj", "{D9ADB30C-BA1B-4438-AB86-39218049483F}"
EndProject
Project("{2150E333-8FDC-42A3-9474-1A3956D46DE8}") = "Solution items", "Solution items", "{35F3AA64-4519-477B-A0F0-BDCD1DCFFD8A}"
	ProjectSection(SolutionItems) = preProject
		.editorconfig = .editorconfig
		.gitattributes = .gitattributes
		.gitignore = .gitignore
		.github\workflows\azure-static-web-apps-lively-cliff-0945be603.yml = .github\workflows\azure-static-web-apps-lively-cliff-0945be603.yml
		Directory.Build.props = Directory.Build.props
		.config\dotnet-tools.json = .config\dotnet-tools.json
		global.json = global.json
		src\redmuffin.Blazor.StaticWeb\wwwroot\sample-data\markdown-cheat-sheet.md = src\redmuffin.Blazor.StaticWeb\wwwroot\sample-data\markdown-cheat-sheet.md
		README.md = README.md
		swa-cli.config.json = swa-cli.config.json
	EndProjectSection
EndProject
Project("{FAE04EC0-301F-11D3-BF4B-00C04F79EFBC}") = "redmuffin.Blazor.StaticWeb.Tests", "tests\redmuffin.Blazor.StaticWeb.Tests\redmuffin.Blazor.StaticWeb.Tests.csproj", "{0B9FDD37-73E0-4E09-8965-425A97F2E6C9}"
	ProjectSection(ProjectDependencies) = postProject
		{0D4EDCD5-BFA7-41B7-A6EF-2BA2B87EA048} = {0D4EDCD5-BFA7-41B7-A6EF-2BA2B87EA048}
	EndProjectSection
EndProject
Project("{2150E333-8FDC-42A3-9474-1A3956D46DE8}") = "Copilot Instructions", "Copilot Instructions", "{0652538E-1D5F-6121-6BBF-D1367D210D62}"
	ProjectSection(SolutionItems) = preProject
		.mcp.json = .mcp.json
		.github\copilot-instructions.md = .github\copilot-instructions.md
	EndProjectSection
EndProject
Project("{2150E333-8FDC-42A3-9474-1A3956D46DE8}") = "Instructions", "Instructions", "{1E5315D5-9FD9-D0B7-CF8A-5A02695B7EE1}"
	ProjectSection(SolutionItems) = preProject
		.github\instructions\aspnet-rest-apis.instructions.md = .github\instructions\aspnet-rest-apis.instructions.md
		.github\instructions\blazor.instructions.md = .github\instructions\blazor.instructions.md
		.github\instructions\csharp.instructions.md = .github\instructions\csharp.instructions.md
		.github\instructions\github-actions-ci-cd-best-practices.instructions.md = .github\instructions\github-actions-ci-cd-best-practices.instructions.md
		.github\instructions\markdown.instructions.md = .github\instructions\markdown.instructions.md
		.github\instructions\performance-optimization.instructions.md = .github\instructions\performance-optimization.instructions.md
		.github\instructions\powershell.instructions.md = .github\instructions\powershell.instructions.md
		.github\instructions\_AzureFunctionsProgrammingBestPractices.instructions.md = .github\instructions\_AzureFunctionsProgrammingBestPractices.instructions.md
		.github\instructions\_CommitStandars.instructions.md = .github\instructions\_CommitStandars.instructions.md
		.github\instructions\_Documentation.instructions.md = .github\instructions\_Documentation.instructions.md
		.github\instructions\_SCSS.instructions.md = .github\instructions\_SCSS.instructions.md
	EndProjectSection
EndProject
Project("{2150E333-8FDC-42A3-9474-1A3956D46DE8}") = "Prompts", "Prompts", "{1042B09C-CD63-0B34-1D4B-7FE7A2FDFA8E}"
	ProjectSection(SolutionItems) = preProject
		.github\prompts\aspnet-minimal-api-openapi.prompt.md = .github\prompts\aspnet-minimal-api-openapi.prompt.md
		.github\prompts\create-architectural-decision-record.prompt.md = .github\prompts\create-architectural-decision-record.prompt.md
		.github\prompts\create-github-issue-feature-from-specification.prompt.md = .github\prompts\create-github-issue-feature-from-specification.prompt.md
		.github\prompts\create-github-issues-feature-from-implementation-plan.prompt.md = .github\prompts\create-github-issues-feature-from-implementation-plan.prompt.md
		.github\prompts\create-github-issues-for-unmet-specification-requirements.prompt.md = .github\prompts\create-github-issues-for-unmet-specification-requirements.prompt.md
		.github\prompts\create-implementation-plan.prompt.md = .github\prompts\create-implementation-plan.prompt.md
		.github\prompts\create-specification.prompt.md = .github\prompts\create-specification.prompt.md
		.github\prompts\csharp-async.prompt.md = .github\prompts\csharp-async.prompt.md
		.github\prompts\csharp-docs.prompt.md = .github\prompts\csharp-docs.prompt.md
		.github\prompts\csharp-tunit.prompt.md = .github\prompts\csharp-tunit.prompt.md
		.github\prompts\csharp-xunit.prompt.md = .github\prompts\csharp-xunit.prompt.md
		.github\prompts\dotnet-best-practices.prompt.md = .github\prompts\dotnet-best-practices.prompt.md
		.github\prompts\dotnet-design-pattern-review.prompt.md = .github\prompts\dotnet-design-pattern-review.prompt.md
		.github\prompts\ef-core.prompt.md = .github\prompts\ef-core.prompt.md
		.github\prompts\gen-specs-as-issues.prompt.md = .github\prompts\gen-specs-as-issues.prompt.md
		.github\prompts\my-issues.prompt.md = .github\prompts\my-issues.prompt.md
		.github\prompts\my-pull-requests.prompt.md = .github\prompts\my-pull-requests.prompt.md
		.github\prompts\suggest-awesome-github-copilot-chatmodes.prompt.md = .github\prompts\suggest-awesome-github-copilot-chatmodes.prompt.md
		.github\prompts\suggest-awesome-github-copilot-prompts.prompt.md = .github\prompts\suggest-awesome-github-copilot-prompts.prompt.md
		.github\prompts\update-implementation-plan.prompt.md = .github\prompts\update-implementation-plan.prompt.md
		.github\prompts\update-markdown-file-index.prompt.md = .github\prompts\update-markdown-file-index.prompt.md
		.github\prompts\update-specification.prompt.md = .github\prompts\update-specification.prompt.md
		.github\prompts\_ExecuteTaskList.prompt.md = .github\prompts\_ExecuteTaskList.prompt.md
		.github\prompts\_GeneratePRD.prompt.md = .github\prompts\_GeneratePRD.prompt.md
		.github\prompts\_SecurityReviewAPI.prompt.md = .github\prompts\_SecurityReviewAPI.prompt.md
		.github\prompts\_TaskListFromPRD.prompt.md = .github\prompts\_TaskListFromPRD.prompt.md
	EndProjectSection
EndProject
Project("{FAE04EC0-301F-11D3-BF4B-00C04F79EFBC}") = "redmuffin.Blazor.StaticWeb.Api", "src\redmuffin.Blazor.StaticWeb.Api\redmuffin.Blazor.StaticWeb.Api.csproj", "{3A0861E0-0988-405C-9A83-4CE5379961A0}"
EndProject
Project("{FAE04EC0-301F-11D3-BF4B-00C04F79EFBC}") = "redmuffin.Blazor.StaticWeb.Api.Tests", "tests\redmuffin.Blazor.StaticWeb.Api.Tests\redmuffin.Blazor.StaticWeb.Api.Tests.csproj", "{D2FC75C8-211A-4083-AF47-2BD761611B97}"
EndProject
Project("{FAE04EC0-301F-11D3-BF4B-00C04F79EFBC}") = "redmuffin.Blazor.StaticWeb.Common", "src\redmuffin.Blazor.StaticWeb.Common\redmuffin.Blazor.StaticWeb.Common.csproj", "{0D4EDCD5-BFA7-41B7-A6EF-2BA2B87EA048}"
EndProject
Project("{FAE04EC0-301F-11D3-BF4B-00C04F79EFBC}") = "SwaLauncher", "src\SwaLauncher\SwaLauncher.csproj", "{C36EDD2C-065F-42B4-8667-2CD8E7C08AB4}"
EndProject
Project("{2150E333-8FDC-42A3-9474-1A3956D46DE8}") = "Chatmodes", "Chatmodes", "{02EA681E-C7D8-13C7-8484-4AC65E1B71E8}"
	ProjectSection(SolutionItems) = preProject
		.github\chatmodes\accesibility.chatmode.md = .github\chatmodes\accesibility.chatmode.md
		.github\chatmodes\azure-principal-architect.chatmode.md = .github\chatmodes\azure-principal-architect.chatmode.md
		.github\chatmodes\beastmode.chatmode.md = .github\chatmodes\beastmode.chatmode.md
		.github\chatmodes\csharp-dotnet-janitor.chatmode.md = .github\chatmodes\csharp-dotnet-janitor.chatmode.md
		.github\chatmodes\debug.chatmode.md = .github\chatmodes\debug.chatmode.md
		.github\chatmodes\expert-dotnet-software-engineer.chatmode.md = .github\chatmodes\expert-dotnet-software-engineer.chatmode.md
	EndProjectSection
EndProject
Global
	GlobalSection(SolutionConfigurationPlatforms) = preSolution
		Debug|Any CPU = Debug|Any CPU
		Release|Any CPU = Release|Any CPU
	EndGlobalSection
	GlobalSection(ProjectConfigurationPlatforms) = postSolution
		{D9ADB30C-BA1B-4438-AB86-39218049483F}.Debug|Any CPU.ActiveCfg = Debug|Any CPU
		{D9ADB30C-BA1B-4438-AB86-39218049483F}.Debug|Any CPU.Build.0 = Debug|Any CPU
		{D9ADB30C-BA1B-4438-AB86-39218049483F}.Release|Any CPU.ActiveCfg = Release|Any CPU
		{D9ADB30C-BA1B-4438-AB86-39218049483F}.Release|Any CPU.Build.0 = Release|Any CPU
		{0B9FDD37-73E0-4E09-8965-425A97F2E6C9}.Debug|Any CPU.ActiveCfg = Debug|Any CPU
		{0B9FDD37-73E0-4E09-8965-425A97F2E6C9}.Debug|Any CPU.Build.0 = Debug|Any CPU
		{0B9FDD37-73E0-4E09-8965-425A97F2E6C9}.Release|Any CPU.ActiveCfg = Release|Any CPU
		{0B9FDD37-73E0-4E09-8965-425A97F2E6C9}.Release|Any CPU.Build.0 = Release|Any CPU
		{3A0861E0-0988-405C-9A83-4CE5379961A0}.Debug|Any CPU.ActiveCfg = Debug|Any CPU
		{3A0861E0-0988-405C-9A83-4CE5379961A0}.Debug|Any CPU.Build.0 = Debug|Any CPU
		{3A0861E0-0988-405C-9A83-4CE5379961A0}.Release|Any CPU.ActiveCfg = Release|Any CPU
		{3A0861E0-0988-405C-9A83-4CE5379961A0}.Release|Any CPU.Build.0 = Release|Any CPU
		{D2FC75C8-211A-4083-AF47-2BD761611B97}.Debug|Any CPU.ActiveCfg = Debug|Any CPU
		{D2FC75C8-211A-4083-AF47-2BD761611B97}.Debug|Any CPU.Build.0 = Debug|Any CPU
		{D2FC75C8-211A-4083-AF47-2BD761611B97}.Release|Any CPU.ActiveCfg = Release|Any CPU
		{D2FC75C8-211A-4083-AF47-2BD761611B97}.Release|Any CPU.Build.0 = Release|Any CPU
		{0D4EDCD5-BFA7-41B7-A6EF-2BA2B87EA048}.Debug|Any CPU.ActiveCfg = Debug|Any CPU
		{0D4EDCD5-BFA7-41B7-A6EF-2BA2B87EA048}.Debug|Any CPU.Build.0 = Debug|Any CPU
		{0D4EDCD5-BFA7-41B7-A6EF-2BA2B87EA048}.Release|Any CPU.ActiveCfg = Release|Any CPU
		{0D4EDCD5-BFA7-41B7-A6EF-2BA2B87EA048}.Release|Any CPU.Build.0 = Release|Any CPU
		{C36EDD2C-065F-42B4-8667-2CD8E7C08AB4}.Debug|Any CPU.ActiveCfg = Debug|Any CPU
		{C36EDD2C-065F-42B4-8667-2CD8E7C08AB4}.Debug|Any CPU.Build.0 = Debug|Any CPU
		{C36EDD2C-065F-42B4-8667-2CD8E7C08AB4}.Release|Any CPU.ActiveCfg = Release|Any CPU
		{C36EDD2C-065F-42B4-8667-2CD8E7C08AB4}.Release|Any CPU.Build.0 = Release|Any CPU
	EndGlobalSection
	GlobalSection(SolutionProperties) = preSolution
		HideSolutionNode = FALSE
	EndGlobalSection
	GlobalSection(NestedProjects) = preSolution
		{1E5315D5-9FD9-D0B7-CF8A-5A02695B7EE1} = {0652538E-1D5F-6121-6BBF-D1367D210D62}
		{1042B09C-CD63-0B34-1D4B-7FE7A2FDFA8E} = {0652538E-1D5F-6121-6BBF-D1367D210D62}
		{02EA681E-C7D8-13C7-8484-4AC65E1B71E8} = {0652538E-1D5F-6121-6BBF-D1367D210D62}
	EndGlobalSection
	GlobalSection(ExtensibilityGlobals) = postSolution
		SolutionGuid = {A0087A1A-355D-4454-AE85-D0509704B21F}
	EndGlobalSection
EndGlobal
