{
  "version": 2,
  "dependencies": {
    "net9.0": {
      "Microsoft.Extensions.Logging": {
        "type": "Direct",
        "requested": "[9.0.14, )",
        "resolved": "9.0.14",
        "contentHash": "z1VeGpJzXezF8DJScU7q4NS30NC/X5tnmv/F6t8AWu4PG4oGX2cVGcfaRRxaFLS1Kq77hd4f8xqySj5F8VZImQ==",
        "dependencies": {
          "Microsoft.Extensions.DependencyInjection": "9.0.14",
          "Microsoft.Extensions.Logging.Abstractions": "9.0.14",
          "Microsoft.Extensions.Options": "9.0.14"
        }
      },
      "Microsoft.Extensions.DependencyInjection": {
        "type": "Transitive",
        "resolved": "9.0.14",
        "contentHash": "p6qFGRiZK2kSNWf/smkpb2qrnwMGb5WX9RV7MV9TKxmhEjgB6fx8kjRT5CbKsF1kaTzJU6q/P/8YxfEDO2Hb8g==",
        "dependencies": {
          "Microsoft.Extensions.DependencyInjection.Abstractions": "9.0.14"
        }
      },
      "Microsoft.Extensions.Logging.Abstractions": {
        "type": "Transitive",
        "resolved": "9.0.14",
        "contentHash": "uodlxeHHtvEgrAXzHa5T+ESnQhxCk/QSONpiabWjZ8Hn+PcMkXtmbX8YkL1XcFGHqj7hZXUAe2pq7gBptPTz2Q==",
        "dependencies": {
          "Microsoft.Extensions.DependencyInjection.Abstractions": "9.0.14"
        }
      },
      "Microsoft.Extensions.Options": {
        "type": "Transitive",
        "resolved": "9.0.14",
        "contentHash": "hwn0jONblkFl4k5qcDBKuE/BrLxgBN9OOttnoIRsJgDlsxhwuGoVaHJtWdpTg8adDRMlgMrgeuv8WjMG7UnfUg==",
        "dependencies": {
          "Microsoft.Extensions.DependencyInjection.Abstractions": "9.0.14",
          "Microsoft.Extensions.Primitives": "9.0.14"
        }
      },
      "Microsoft.Extensions.Primitives": {
        "type": "Transitive",
        "resolved": "9.0.14",
        "contentHash": "1bP1fEv6MdXvX4TsxrT94AE2aOIPI9p0xgVsxUliB91wDXHUwbBHV1hXKbfu0ZHEdBuYEusyTVoUwUXp71fh8w=="
      },
      "Microsoft.Extensions.DependencyInjection.Abstractions": {
        "type": "CentralTransitive",
        "requested": "[9.0.14, )",
        "resolved": "9.0.14",
        "contentHash": "LezJ0enh6upO5EnPwACOZc/DdT1A8lvX6HPl/0rbe0eGt9rTDDPfx+Ny9OYZqf4g25Y3hOfWBQtRfMzueINNVQ=="
      }
    }
  }
}