{
  "version": 1,
  "dependencies": {
    "net9.0": {
      "Blazored.LocalStorage": {
        "type": "Direct",
        "requested": "[4.5.0, )",
        "resolved": "4.5.0",
        "contentHash": "6nZuJwA7zNIKx83IsObiHXZb09ponJOpCClU3en+hI8ZFvrOKXeOw+H7TegQZQrvdR1n9fkrVkEBQZg8vx6ZTw==",
        "dependencies": {
          "Microsoft.AspNetCore.Components.Web": "8.0.0"
        }
      },
      "BuildWebCompiler2022": {
        "type": "Direct",
        "requested": "[1.14.15, )",
        "resolved": "1.14.15",
        "contentHash": "/bfbMI6LBrLX5kn0sOVqscfe2kbsS0nUtIsKUUJg/puL4ey9J0y4DdGA+YaCAsu4Vi5tyNM8wWjlSOgjywxpzg=="
      },
      "JetBrains.Annotations": {
        "type": "Direct",
        "requested": "[2025.1.0-eap1, )",
        "resolved": "2025.1.0-eap1",
        "contentHash": "5ApJk9xbFOdbz7L8W9LAA63DIMbqC1p81KOYLeLu+d3Pj9yC83aZBQgHce/LCCu9j/mzVZxEUl70rDoUEGs7Gg=="
      },
      "Markdig": {
        "type": "Direct",
        "requested": "[0.41.2, )",
        "resolved": "0.41.2",
        "contentHash": "Fp6YZqOVs60rgDGAUm81K/HYt4yVgpmMpGc7PcLV9nnpbkZLSxsU8/cnpR8U0XM6BOcDiVYLg3HkAanUVR0Erw=="
      },
      "Meziantou.Analyzer": {
        "type": "Direct",
        "requested": "[2.0.202, )",
        "resolved": "2.0.202",
        "contentHash": "VDsrL0SRYoR6t975NExCRgZzGIYudgIETUAPnyMG17sr9I9OzNGzpwX1dHOPSd8Ue28ltnNiOL3czLmNdQngYA=="
      },
      "Microsoft.AspNetCore.Components.WebAssembly": {
        "type": "Direct",
        "requested": "[9.0.0, )",
        "resolved": "9.0.0",
        "contentHash": "RwDygFGa1NdKh7N4S6P2xgxB0LeluLss/iZRdNnmOwN1zgpdLH9AnCnTIgDBAW7rhDjcPGrcjsDLNivwDRYwEQ==",
        "dependencies": {
          "Microsoft.AspNetCore.Components.Web": "9.0.0",
          "Microsoft.Extensions.Configuration.Binder": "9.0.0",
          "Microsoft.Extensions.Configuration.Json": "9.0.0",
          "Microsoft.Extensions.Logging": "9.0.0",
          "Microsoft.JSInterop.WebAssembly": "9.0.0"
        }
      },
      "Microsoft.AspNetCore.Components.WebAssembly.DevServer": {
        "type": "Direct",
        "requested": "[9.0.0, )",
        "resolved": "9.0.0",
        "contentHash": "k0i95CLhe9h6pfQUCvOksSY3Kz7ukxWLrXrADfrYzlvawCyO8oq+bviOTevNl2cS8RA8hmyWK0we3bZ1BNtCoA=="
      },
      "Microsoft.AspNetCore.WebUtilities": {
        "type": "Direct",
        "requested": "[9.0.6, )",
        "resolved": "9.0.6",
        "contentHash": "JrCzhqz0BgzphLHsKTPg4V0qZajLgfb/MtXmodVCpZ5s4vmb9Wuqauq+A23S+cobQY8s2QPgPPTr7lHZD0NU8w==",
        "dependencies": {
          "Microsoft.Net.Http.Headers": "9.0.6"
        }
      },
      "Microsoft.Extensions.Http": {
        "type": "Direct",
        "requested": "[9.0.7, )",
        "resolved": "9.0.7",
        "contentHash": "KV2DyFzTyZlrmKBF7IHrg+OhdetkeeByC35vVp50CZogNCbO6c4nzBcjJNnGU0S+CMcrvsN2s8OI5lHwL0wv8A==",
        "dependencies": {
          "Microsoft.Extensions.Configuration.Abstractions": "9.0.7",
          "Microsoft.Extensions.DependencyInjection.Abstractions": "9.0.7",
          "Microsoft.Extensions.Diagnostics": "9.0.7",
          "Microsoft.Extensions.Logging": "9.0.7",
          "Microsoft.Extensions.Logging.Abstractions": "9.0.7",
          "Microsoft.Extensions.Options": "9.0.7"
        }
      },
      "Microsoft.NET.ILLink.Tasks": {
        "type": "Direct",
        "requested": "[9.0.7, )",
        "resolved": "9.0.7",
        "contentHash": "SZ1brSGoLnhLbE8QUZrtN6YwzN2gDT1wbx9qDBEfFFJcstiDTjJ6ygNuTPBV/K7SjGfx2YNbcJi5+ygbPOZpDg=="
      },
      "Microsoft.NET.Sdk.WebAssembly.Pack": {
        "type": "Direct",
        "requested": "[9.0.7, )",
        "resolved": "9.0.7",
        "contentHash": "5ehgbqGUERh0JVhTUPwFizw4hIoAglkFk/WMs45djePp16YHP11Vnmx44rOQ3gLW8/aDYN1j+pKdAtcEp4QOcw=="
      },
      "Microsoft.VisualStudio.Threading.Analyzers": {
        "type": "Direct",
        "requested": "[17.14.15, )",
        "resolved": "17.14.15",
        "contentHash": "mXQPJsbuUD2ydq4/ffd8h8tSOFCXec+2xJOVNCvXjuMOq/+5EKHq3D2m2MC2+nUaXeFMSt66VS/J4HdKBixgcw=="
      },
      "Roslynator.Analyzers": {
        "type": "Direct",
        "requested": "[4.13.1, )",
        "resolved": "4.13.1",
        "contentHash": "KZpLy6ZlCebMk+d/3I5KU2R7AOb4LNJ6tPJqPtvFXmO8bEBHQvCIAvJOnY2tu4C9/aVOROTDYUFADxFqw1gh/g=="
      },
      "Roslynator.CodeAnalysis.Analyzers": {
        "type": "Direct",
        "requested": "[4.13.1, )",
        "resolved": "4.13.1",
        "contentHash": "PwbuGlRFp87pdx9GVIjDmFwkYEfxVQKs0yWuIedTrUht2JwIzLe0Y7QNzgeJaE7E3YsCVED09h1X6WBqQ95XIA=="
      },
      "Roslynator.Formatting.Analyzers": {
        "type": "Direct",
        "requested": "[4.13.1, )",
        "resolved": "4.13.1",
        "contentHash": "V9gCt0T1Tnu+jMWJDLiUV/vOTmGzmofEdVeUPKPdh8MJW7f3kkhFXSeDotwl8Ob88OxrBf+4LrV/D7OA4tAluA=="
      },
      "StyleCop.Analyzers": {
        "type": "Direct",
        "requested": "[1.2.0-beta.556, )",
        "resolved": "1.2.0-beta.556",
        "contentHash": "llRPgmA1fhC0I0QyFLEcjvtM2239QzKr/tcnbsjArLMJxJlu0AA5G7Fft0OI30pHF3MW63Gf4aSSsjc5m82J1Q==",
        "dependencies": {
          "StyleCop.Analyzers.Unstable": "1.2.0.556"
        }
      },
      "Microsoft.AspNetCore.Authorization": {
        "type": "Transitive",
        "resolved": "9.0.0",
        "contentHash": "qDJlBC5pUQ/3o6/C6Vuo9CGKtV5TAe5AdKeHvDR2bgmw8vwPxsAy3KG5eU0i1C+iAUNbmq+iDTbiKt16f9pRiA==",
        "dependencies": {
          "Microsoft.AspNetCore.Metadata": "9.0.0",
          "Microsoft.Extensions.Logging.Abstractions": "9.0.0",
          "Microsoft.Extensions.Options": "9.0.0"
        }
      },
      "Microsoft.AspNetCore.Components": {
        "type": "Transitive",
        "resolved": "9.0.0",
        "contentHash": "xKzY0LRqWrwuPVzKIF9k1kC21NrLmIE2qPhhKlInEAdYqNe8qcMoPWZy7fo1uScHkz5g73nTqDDra3+aAV7mTQ==",
        "dependencies": {
          "Microsoft.AspNetCore.Authorization": "9.0.0",
          "Microsoft.AspNetCore.Components.Analyzers": "9.0.0"
        }
      },
      "Microsoft.AspNetCore.Components.Analyzers": {
        "type": "Transitive",
        "resolved": "9.0.0",
        "contentHash": "maOE1qlJ9hf1Fb7PhFLw9bgP9mWckuDOcn1uKNt9/msdJG2YHl3cPRHojYa6CxliGHIXL8Da4qPgeUc4CaOoeg=="
      },
      "Microsoft.AspNetCore.Components.Forms": {
        "type": "Transitive",
        "resolved": "9.0.0",
        "contentHash": "orHGxDkbAa9syuaLVtZWOhNC8IddnCsDqpFaKjBj4zxe+B8cd6kcNf/t4Lv5hWBQ7mODiRCzEfKBnpU+GCHvbw==",
        "dependencies": {
          "Microsoft.AspNetCore.Components": "9.0.0"
        }
      },
      "Microsoft.AspNetCore.Components.Web": {
        "type": "Transitive",
        "resolved": "9.0.0",
        "contentHash": "ZfJwwV05T+268cnJsO6yfi9oXYLe3ATRAEk0VZgBMptA5HVsduIsnFLjhNOYT7+I8NolxDEx1CEW8yKe5xTb6Q==",
        "dependencies": {
          "Microsoft.AspNetCore.Components": "9.0.0",
          "Microsoft.AspNetCore.Components.Forms": "9.0.0",
          "Microsoft.Extensions.DependencyInjection": "9.0.0",
          "Microsoft.Extensions.Primitives": "9.0.0",
          "Microsoft.JSInterop": "9.0.0"
        }
      },
      "Microsoft.AspNetCore.Metadata": {
        "type": "Transitive",
        "resolved": "9.0.0",
        "contentHash": "X81C891nMuWgzNHyZ0C3s+blSDxRHzQHDFYQoOKtFvFuxGq3BbkLbc5CfiCqIzA/sWIfz6u8sGBgwntQwBJWBw=="
      },
      "Microsoft.Extensions.Configuration": {
        "type": "Transitive",
        "resolved": "9.0.7",
        "contentHash": "oxGR51+w5cXm5B9gU6XwpAB2sTiyPSmZm7hjvv0rzRnmL5o/KZzE103AuQj7sK26OBupjVzU/bZxDWvvU4nhEg==",
        "dependencies": {
          "Microsoft.Extensions.Configuration.Abstractions": "9.0.7",
          "Microsoft.Extensions.Primitives": "9.0.7"
        }
      },
      "Microsoft.Extensions.Configuration.Abstractions": {
        "type": "Transitive",
        "resolved": "9.0.7",
        "contentHash": "lut/kiVvNsQ120VERMUYSFhpXPpKjjql+giy03LesASPBBcC0o6+aoFdzJH9GaYpFTQ3fGVhVjKjvJDoAW5/IQ==",
        "dependencies": {
          "Microsoft.Extensions.Primitives": "9.0.7"
        }
      },
      "Microsoft.Extensions.Configuration.Binder": {
        "type": "Transitive",
        "resolved": "9.0.7",
        "contentHash": "ExY+zXHhU4o9KC2alp3ZdLWyVWVRSn5INqax5ABk+HEOHlAHzomhJ7ek9HHliyOMiVGoYWYaMFOGr9q59mSAGA==",
        "dependencies": {
          "Microsoft.Extensions.Configuration.Abstractions": "9.0.7"
        }
      },
      "Microsoft.Extensions.Configuration.FileExtensions": {
        "type": "Transitive",
        "resolved": "9.0.0",
        "contentHash": "4EK93Jcd2lQG4GY6PAw8jGss0ZzFP0vPc1J85mES5fKNuDTqgFXHba9onBw2s18fs3I4vdo2AWyfD1mPAxWSQQ==",
        "dependencies": {
          "Microsoft.Extensions.Configuration": "9.0.0",
          "Microsoft.Extensions.Configuration.Abstractions": "9.0.0",
          "Microsoft.Extensions.FileProviders.Abstractions": "9.0.0",
          "Microsoft.Extensions.FileProviders.Physical": "9.0.0",
          "Microsoft.Extensions.Primitives": "9.0.0"
        }
      },
      "Microsoft.Extensions.Configuration.Json": {
        "type": "Transitive",
        "resolved": "9.0.0",
        "contentHash": "WiTK0LrnsqmedrbzwL7f4ZUo+/wByqy2eKab39I380i2rd8ImfCRMrtkqJVGDmfqlkP/YzhckVOwPc5MPrSNpg==",
        "dependencies": {
          "Microsoft.Extensions.Configuration": "9.0.0",
          "Microsoft.Extensions.Configuration.Abstractions": "9.0.0",
          "Microsoft.Extensions.Configuration.FileExtensions": "9.0.0",
          "Microsoft.Extensions.FileProviders.Abstractions": "9.0.0"
        }
      },
      "Microsoft.Extensions.DependencyInjection": {
        "type": "Transitive",
        "resolved": "9.0.7",
        "contentHash": "i05AYA91vgq0as84ROVCyltD2gnxaba/f1Qw2rG7mUsS0gv8cPTr1Gm7jPQHq7JTr4MJoQUcanLVs16tIOUJaQ==",
        "dependencies": {
          "Microsoft.Extensions.DependencyInjection.Abstractions": "9.0.7"
        }
      },
      "Microsoft.Extensions.DependencyInjection.Abstractions": {
        "type": "Transitive",
        "resolved": "9.0.7",
        "contentHash": "iPK1FxbGFr2Xb+4Y+dTYI8Gupu9pOi8I3JPuPsrogUmEhe2hzZ9LpCmolMEBhVDo2ikcSr7G5zYiwaapHSQTew=="
      },
      "Microsoft.Extensions.Diagnostics": {
        "type": "Transitive",
        "resolved": "9.0.7",
        "contentHash": "6ykfInm6yw7pPHJACgnrPUXxUWVslFnzad44K/siXk6Ovan6fNMnXxI5X9vphHJuZ4JbMOdPIgsfTmLD+Dyxug==",
        "dependencies": {
          "Microsoft.Extensions.Configuration": "9.0.7",
          "Microsoft.Extensions.Diagnostics.Abstractions": "9.0.7",
          "Microsoft.Extensions.Options.ConfigurationExtensions": "9.0.7"
        }
      },
      "Microsoft.Extensions.Diagnostics.Abstractions": {
        "type": "Transitive",
        "resolved": "9.0.7",
        "contentHash": "d39Ov1JpeWCGLCOTinlaDkujhrSAQ0HFxb7Su1BjhCKBfmDcQ6Ia1i3JI6kd3NFgwi1dexTunu82daDNwt7E6w==",
        "dependencies": {
          "Microsoft.Extensions.DependencyInjection.Abstractions": "9.0.7",
          "Microsoft.Extensions.Options": "9.0.7"
        }
      },
      "Microsoft.Extensions.FileProviders.Abstractions": {
        "type": "Transitive",
        "resolved": "9.0.0",
        "contentHash": "uK439QzYR0q2emLVtYzwyK3x+T5bTY4yWsd/k/ZUS9LR6Sflp8MIdhGXW8kQCd86dQD4tLqvcbLkku8qHY263Q==",
        "dependencies": {
          "Microsoft.Extensions.Primitives": "9.0.0"
        }
      },
      "Microsoft.Extensions.FileProviders.Physical": {
        "type": "Transitive",
        "resolved": "9.0.0",
        "contentHash": "3+ZUSpOSmie+o8NnLIRqCxSh65XL/ExU7JYnFOg58awDRlY3lVpZ9A369jkoZL1rpsq7LDhEfkn2ghhGaY1y5Q==",
        "dependencies": {
          "Microsoft.Extensions.FileProviders.Abstractions": "9.0.0",
          "Microsoft.Extensions.FileSystemGlobbing": "9.0.0",
          "Microsoft.Extensions.Primitives": "9.0.0"
        }
      },
      "Microsoft.Extensions.FileSystemGlobbing": {
        "type": "Transitive",
        "resolved": "9.0.0",
        "contentHash": "jGFKZiXs2HNseK3NK/rfwHNNovER71jSj4BD1a/649ml9+h6oEtYd0GSALZDNW8jZ2Rh+oAeadOa6sagYW1F2A=="
      },
      "Microsoft.Extensions.Logging": {
        "type": "Transitive",
        "resolved": "9.0.7",
        "contentHash": "fdIeQpXYV8yxSWG03cCbU2Otdrq4NWuhnQLXokWLv3L9YcK055E7u8WFJvP+uuP4CFeCEoqZQL4yPcjuXhCZrg==",
        "dependencies": {
          "Microsoft.Extensions.DependencyInjection": "9.0.7",
          "Microsoft.Extensions.Logging.Abstractions": "9.0.7",
          "Microsoft.Extensions.Options": "9.0.7"
        }
      },
      "Microsoft.Extensions.Logging.Abstractions": {
        "type": "Transitive",
        "resolved": "9.0.7",
        "contentHash": "sMM6NEAdUTE/elJ2wqjOi0iBWqZmSyaTByLF9e8XHv6DRJFFnOe0N+s8Uc6C91E4SboQCfLswaBIZ+9ZXA98AA==",
        "dependencies": {
          "Microsoft.Extensions.DependencyInjection.Abstractions": "9.0.7"
        }
      },
      "Microsoft.Extensions.Options": {
        "type": "Transitive",
        "resolved": "9.0.7",
        "contentHash": "trJnF6cRWgR5uMmHpGoHmM1wOVFdIYlELlkO9zX+RfieK0321Y55zrcs4AaEymKup7dxgEN/uJU25CAcMNQRXw==",
        "dependencies": {
          "Microsoft.Extensions.DependencyInjection.Abstractions": "9.0.7",
          "Microsoft.Extensions.Primitives": "9.0.7"
        }
      },
      "Microsoft.Extensions.Options.ConfigurationExtensions": {
        "type": "Transitive",
        "resolved": "9.0.7",
        "contentHash": "pE/jeAWHEIy/8HsqYA+I1+toTsdvsv+WywAcRoNSvPoFwjOREa8Fqn7D0/i0PbiXsDLFupltTTctliePx8ib4w==",
        "dependencies": {
          "Microsoft.Extensions.Configuration.Abstractions": "9.0.7",
          "Microsoft.Extensions.Configuration.Binder": "9.0.7",
          "Microsoft.Extensions.DependencyInjection.Abstractions": "9.0.7",
          "Microsoft.Extensions.Options": "9.0.7",
          "Microsoft.Extensions.Primitives": "9.0.7"
        }
      },
      "Microsoft.Extensions.Primitives": {
        "type": "Transitive",
        "resolved": "9.0.7",
        "contentHash": "ti/zD9BuuO50IqlvhWQs9GHxkCmoph5BHjGiWKdg2t6Or8XoyAfRJiKag+uvd/fpASnNklfsB01WpZ4fhAe0VQ=="
      },
      "Microsoft.JSInterop": {
        "type": "Transitive",
        "resolved": "9.0.0",
        "contentHash": "efQKxKUPe8OuH0hRiYsvBJkhhPzIYFNcr9+3wanQ7Bch/wr1JWNd90GYiPLtkSHepE1zMEoaLkAxi5N5/eyC4Q=="
      },
      "Microsoft.JSInterop.WebAssembly": {
        "type": "Transitive",
        "resolved": "9.0.0",
        "contentHash": "5TjNuiavEVk+4UFTZVOKMlpq1qgYW/Vd6N7lNsHJR9kOlhP6S2GtiKdbLn//Aw/22lx3jDJTkekc54F5S8JC4g==",
        "dependencies": {
          "Microsoft.JSInterop": "9.0.0"
        }
      },
      "Microsoft.Net.Http.Headers": {
        "type": "Transitive",
        "resolved": "9.0.6",
        "contentHash": "YwD5LtA45rgLeJV9+DvRolwue2+s/Y1br5BFL+XdakM8Q859ICkbuH3ymvD+ibnXXkHsDaEvr8Sc+nauisABOg==",
        "dependencies": {
          "Microsoft.Extensions.Primitives": "9.0.6"
        }
      },
      "StyleCop.Analyzers.Unstable": {
        "type": "Transitive",
        "resolved": "1.2.0.556",
        "contentHash": "zvn9Mqs/ox/83cpYPignI8hJEM2A93s2HkHs8HYMOAQW0PkampyoErAiIyKxgTLqbbad29HX/shv/6LGSjPJNQ=="
      },
      "redmuffin.blazor.staticweb.common": {
        "type": "Project",
        "dependencies": {
          "JetBrains.Annotations": "[2025.1.0-eap1, )",
          "Microsoft.Extensions.Logging": "[9.0.6, )"
        }
      }
    },
    "net9.0/browser-wasm": {}
  }
}