{
  "version": 1,
  "dependencies": {
    "net9.0": {
      "bunit": {
        "type": "Direct",
        "requested": "[2.0.22-preview, )",
        "resolved": "2.0.22-preview",
        "contentHash": "9r7TEEyyPyoMx6dcINiNwVWomnbj+G4OLPQAYZN9kJZNN5gZeiSa1ByyntE/QYjTa4b1njD1LqSj5jMXz/nPog==",
        "dependencies": {
          "AngleSharp": "1.1.1",
          "AngleSharp.Css": "1.0.0-beta.139",
          "AngleSharp.Diffing": "0.18.2",
          "Microsoft.AspNetCore.Components": "8.0.2",
          "Microsoft.AspNetCore.Components.Authorization": "8.0.2",
          "Microsoft.AspNetCore.Components.Web": "8.0.2",
          "Microsoft.AspNetCore.Components.WebAssembly": "8.0.2",
          "Microsoft.AspNetCore.Components.WebAssembly.Authentication": "8.0.2",
          "Microsoft.Extensions.Caching.Memory": "8.0.0",
          "Microsoft.Extensions.Localization.Abstractions": "8.0.2",
          "Microsoft.Extensions.Logging": "8.0.0",
          "Microsoft.Extensions.Logging.Abstractions": "8.0.0"
        }
      },
      "coverlet.msbuild": {
        "type": "Direct",
        "requested": "[6.0.4, )",
        "resolved": "6.0.4",
        "contentHash": "Qa7Hg+wrOMDKpXVn2dw4Wlun490bIWsFW0fdNJQFJLZnbU27MCP0HJ2mPgS+3EQBQUb0zKlkwiQzP+j38Hc3Iw=="
      },
      "LightMock.Generator": {
        "type": "Direct",
        "requested": "[1.2.3, )",
        "resolved": "1.2.3",
        "contentHash": "9c5EQzT970ycE2nZc5K7kg2pV2UwoMQHZvLpk9aXAxsZUf+4rF4MyRC78ZJ4FdX4zTsHVSR96OR3LPSrMpOpUQ==",
        "dependencies": {
          "LightMock.Generator.Common": "1.2.3"
        }
      },
      "Microsoft.AspNetCore.Components.Analyzers": {
        "type": "Direct",
        "requested": "[9.0.6, )",
        "resolved": "9.0.6",
        "contentHash": "UXMjbezwMMoL21L20OB1BLGF9M1BFPzdWiezaiZSBG55z36BEXvs8hetKw7PiuytOdUqWFI1wkPd3MD9jpeKAw=="
      },
      "Microsoft.Testing.Platform": {
        "type": "Direct",
        "requested": "[1.7.3, )",
        "resolved": "1.7.3",
        "contentHash": "cI6u+CPxv3+07cbSwJVKOfxFrecbjfZnid1fe8EMhyPY4qmsSNnm+hN+GIy8u4JIlrADfrskDiwnScjRzVzJNw=="
      },
      "TUnit": {
        "type": "Direct",
        "requested": "[0.25.21, )",
        "resolved": "0.25.21",
        "contentHash": "AwREFWGJ6SUSY507NIpnsp5tbPER6+YQ7vak3sYKaFySL/wdwvdaxaBpF6A9eSIW/F6vqKq581+WfphEPbTfJA==",
        "dependencies": {
          "TUnit.Assertions": "0.25.21",
          "TUnit.Engine": "0.25.21"
        }
      },
      "TUnit.Assertions": {
        "type": "Direct",
        "requested": "[0.25.21, )",
        "resolved": "0.25.21",
        "contentHash": "eaccIw/l6jP/6es8HAiAoffXynL2xIe6riB1IK8WTmdbIGggvY7LeSsuwbLuKV/baEEl9pWnTyg9W4TjpNuk6w=="
      },
      "AngleSharp": {
        "type": "Transitive",
        "resolved": "1.1.1",
        "contentHash": "Mp/3KeMPbvqDoEEI+qf4gwaq4+QO1uehmYodPvtVO+tb6AGhTjPF8f7PNG73BJ79p4EryWa/pAH4urrafl9+lQ==",
        "dependencies": {
          "System.Text.Encoding.CodePages": "8.0.0"
        }
      },
      "AngleSharp.Css": {
        "type": "Transitive",
        "resolved": "1.0.0-beta.139",
        "contentHash": "6WE6IsXtmTUe3h5dL7d0AM/WqlR3toulUcUnt9hQOZaJykjUxRE5WLAEwIjVzh1/n2vqKxjG+BCOx0ywmY0Xhg==",
        "dependencies": {
          "AngleSharp": "[1.0.0, 2.0.0)"
        }
      },
      "AngleSharp.Diffing": {
        "type": "Transitive",
        "resolved": "0.18.2",
        "contentHash": "fmUgbgu8cJIENHhRloD5PP6diPnGZVbIt7oJH1asDd7cRyVZNELsuBTjJlKv/YDEGREbVE18XQ3hh3nSla+L5A==",
        "dependencies": {
          "AngleSharp": "0.17.0",
          "AngleSharp.Css": "0.17.0"
        }
      },
      "Blazored.LocalStorage": {
        "type": "Transitive",
        "resolved": "4.5.0",
        "contentHash": "6nZuJwA7zNIKx83IsObiHXZb09ponJOpCClU3en+hI8ZFvrOKXeOw+H7TegQZQrvdR1n9fkrVkEBQZg8vx6ZTw==",
        "dependencies": {
          "Microsoft.AspNetCore.Components.Web": "8.0.0"
        }
      },
      "BuildWebCompiler2022": {
        "type": "Transitive",
        "resolved": "1.14.15",
        "contentHash": "/bfbMI6LBrLX5kn0sOVqscfe2kbsS0nUtIsKUUJg/puL4ey9J0y4DdGA+YaCAsu4Vi5tyNM8wWjlSOgjywxpzg=="
      },
      "EnumerableAsyncProcessor": {
        "type": "Transitive",
        "resolved": "2.1.0",
        "contentHash": "kcaATgEjEHOUs0/4ZM9Y5QIOHvfWSolkzQg54VxEDvbwRPHL5IVIR7rySFB7Vi8PKQcLYc+8C+Re/4OJaQAdrw=="
      },
      "JetBrains.Annotations": {
        "type": "Transitive",
        "resolved": "2025.2.0",
        "contentHash": "2BvMkOSW+50EbQFhWFIPWTqmcDLiyyjwkMN7lN386bhP2vN/7ts5t59qu11HtenmHFxqDzaD8J1fFoh+QTOzVA=="
      },
      "LightMock.Generator.Common": {
        "type": "Transitive",
        "resolved": "1.2.3",
        "contentHash": "nwWepSAEiEsxoLMUwIyXky6R83/Shwi+egNCDJ3MrQizFgQJroveltV78aYE+6RIfjGKh56hBylwSnYDpuNNtw=="
      },
      "Markdig": {
        "type": "Transitive",
        "resolved": "0.41.3",
        "contentHash": "i3vSTyGpBGWbJB04aJ3cPJs0T3BV2e1nduW3EUHK/i+xUupYbym75iZPss/XjqhS5JlBErwQYnx7ofK3Zcsozg=="
      },
      "Microsoft.AspNetCore.Authorization": {
        "type": "Transitive",
        "resolved": "9.0.6",
        "contentHash": "FG/fHZAg2J9NKt+y2BH+fMjc+TqA7wlri/3PNtoSgvclMlr5iPshDLXHQgvS9l7IUzzfkqQ3/DWPYuA4OJu75A==",
        "dependencies": {
          "Microsoft.AspNetCore.Metadata": "9.0.6",
          "Microsoft.Extensions.Logging.Abstractions": "9.0.6",
          "Microsoft.Extensions.Options": "9.0.6"
        }
      },
      "Microsoft.AspNetCore.Components": {
        "type": "Transitive",
        "resolved": "9.0.6",
        "contentHash": "4WzUBnpxqm0Gvv3XX47h5g09LN4dtQpJjYW2LAfoaVeho5TLM00uDj2YHzjxQwcRTdrG7tZDCyf4V4wwRpjGcA==",
        "dependencies": {
          "Microsoft.AspNetCore.Authorization": "9.0.6",
          "Microsoft.AspNetCore.Components.Analyzers": "9.0.6"
        }
      },
      "Microsoft.AspNetCore.Components.Authorization": {
        "type": "Transitive",
        "resolved": "9.0.6",
        "contentHash": "6Iwar7bMjSZBJbK7nrZ+pYyMBKYtZEBX1F4ZlYtidYHOiHoRcoFlgV3Y3+dkoLhaVnhyMaQzuoV5v75nfe5GCg==",
        "dependencies": {
          "Microsoft.AspNetCore.Authorization": "9.0.6",
          "Microsoft.AspNetCore.Components": "9.0.6"
        }
      },
      "Microsoft.AspNetCore.Components.Forms": {
        "type": "Transitive",
        "resolved": "9.0.6",
        "contentHash": "GHdFdrU+9ePkuE7S2g7iu+Lg8FPBY9qGaK+FPSBHNx8ulEdrOHJhufb1FZH/m++NoJgcikOzJ14+eL96HfBr8g==",
        "dependencies": {
          "Microsoft.AspNetCore.Components": "9.0.6"
        }
      },
      "Microsoft.AspNetCore.Components.Web": {
        "type": "Transitive",
        "resolved": "9.0.6",
        "contentHash": "c+2B1DdgAOKXt+mMcZgeQPbdoW0Ro+783m+yPK/QQHhjV8cbkPBWXg6OMJC2Vzum5tfAC3coNhlmcLUUBwc3ZQ==",
        "dependencies": {
          "Microsoft.AspNetCore.Components": "9.0.6",
          "Microsoft.AspNetCore.Components.Forms": "9.0.6",
          "Microsoft.Extensions.DependencyInjection": "9.0.6",
          "Microsoft.Extensions.Primitives": "9.0.6",
          "Microsoft.JSInterop": "9.0.6"
        }
      },
      "Microsoft.AspNetCore.Components.WebAssembly": {
        "type": "Transitive",
        "resolved": "9.0.6",
        "contentHash": "w0n0ge6caIRDhMn03/OGkBWJPFOrf/VS4UNSdbm7hibbAG9Y9oFUnkY6DN+b3WgXcjprSep1VypqC83dzGskXw==",
        "dependencies": {
          "Microsoft.AspNetCore.Components.Web": "9.0.6",
          "Microsoft.Extensions.Configuration.Binder": "9.0.6",
          "Microsoft.Extensions.Configuration.Json": "9.0.6",
          "Microsoft.Extensions.Logging": "9.0.6",
          "Microsoft.JSInterop.WebAssembly": "9.0.6"
        }
      },
      "Microsoft.AspNetCore.Components.WebAssembly.Authentication": {
        "type": "Transitive",
        "resolved": "8.0.2",
        "contentHash": "5CcDysPYIeaw8v8qVQoSHiyHkUEXqgHOUJ6xxaETjyPfGNUc81s3A8KnksBDm5DFeUAsFfRx6BuHVOeEz8Eowg==",
        "dependencies": {
          "Microsoft.AspNetCore.Components.Authorization": "8.0.2",
          "Microsoft.AspNetCore.Components.Web": "8.0.2"
        }
      },
      "Microsoft.AspNetCore.Metadata": {
        "type": "Transitive",
        "resolved": "9.0.6",
        "contentHash": "SZAmFKGsQPP/xyDir96J5UNTAdCsfeCpPwFO9EewIcgQ8gUr3KHmn4CTC2HmHIDdiTujGC2T3VBcSxmrY+3n/g=="
      },
      "Microsoft.AspNetCore.WebUtilities": {
        "type": "Transitive",
        "resolved": "9.0.6",
        "contentHash": "JrCzhqz0BgzphLHsKTPg4V0qZajLgfb/MtXmodVCpZ5s4vmb9Wuqauq+A23S+cobQY8s2QPgPPTr7lHZD0NU8w==",
        "dependencies": {
          "Microsoft.Net.Http.Headers": "9.0.6"
        }
      },
      "Microsoft.Extensions.Caching.Abstractions": {
        "type": "Transitive",
        "resolved": "8.0.0",
        "contentHash": "3KuSxeHoNYdxVYfg2IRZCThcrlJ1XJqIXkAWikCsbm5C/bCjv7G0WoKDyuR98Q+T607QT2Zl5GsbGRkENcV2yQ==",
        "dependencies": {
          "Microsoft.Extensions.Primitives": "8.0.0"
        }
      },
      "Microsoft.Extensions.Caching.Memory": {
        "type": "Transitive",
        "resolved": "8.0.0",
        "contentHash": "7pqivmrZDzo1ADPkRwjy+8jtRKWRCPag9qPI+p7sgu7Q4QreWhcvbiWXsbhP+yY8XSiDvZpu2/LWdBv7PnmOpQ==",
        "dependencies": {
          "Microsoft.Extensions.Caching.Abstractions": "8.0.0",
          "Microsoft.Extensions.DependencyInjection.Abstractions": "8.0.0",
          "Microsoft.Extensions.Logging.Abstractions": "8.0.0",
          "Microsoft.Extensions.Options": "8.0.0",
          "Microsoft.Extensions.Primitives": "8.0.0"
        }
      },
      "Microsoft.Extensions.Configuration": {
        "type": "Transitive",
        "resolved": "9.0.6",
        "contentHash": "VWB5jdkxHsRiuoniTqwOL32R4OWyp5If/bAucLjRJczRVNcwb8iCXKLjn3Inv8fv+jHMVMnvQLg7xhSys+y5PA==",
        "dependencies": {
          "Microsoft.Extensions.Configuration.Abstractions": "9.0.6",
          "Microsoft.Extensions.Primitives": "9.0.6"
        }
      },
      "Microsoft.Extensions.Configuration.Abstractions": {
        "type": "Transitive",
        "resolved": "9.0.6",
        "contentHash": "3GgMIi2jP8g1fBW93Z9b9Unamc0SIsgyhiCmC91gq4loTixK9vQMuxxUsfJ1kRGwn+/FqLKwOHqmn0oYWn3Fvw==",
        "dependencies": {
          "Microsoft.Extensions.Primitives": "9.0.6"
        }
      },
      "Microsoft.Extensions.Configuration.Binder": {
        "type": "Transitive",
        "resolved": "9.0.6",
        "contentHash": "Opl/7SIrwDy9WjHn/vU2thQ8CUtrIWHLr+89I7/0VYNEJQvpL24zvqYrh83cH38RzNKHji0WGVkCVP6HJChVVw==",
        "dependencies": {
          "Microsoft.Extensions.Configuration.Abstractions": "9.0.6"
        }
      },
      "Microsoft.Extensions.Configuration.FileExtensions": {
        "type": "Transitive",
        "resolved": "9.0.6",
        "contentHash": "pCEueasI5JhJ24KYzMFxtG40zyLnWpcQYawpARh9FNq9XbWozuWgexmdkPa8p8YoVNlpi3ecKfcjfoRMkKAufw==",
        "dependencies": {
          "Microsoft.Extensions.Configuration": "9.0.6",
          "Microsoft.Extensions.Configuration.Abstractions": "9.0.6",
          "Microsoft.Extensions.FileProviders.Abstractions": "9.0.6",
          "Microsoft.Extensions.FileProviders.Physical": "9.0.6",
          "Microsoft.Extensions.Primitives": "9.0.6"
        }
      },
      "Microsoft.Extensions.Configuration.Json": {
        "type": "Transitive",
        "resolved": "9.0.6",
        "contentHash": "N0dgOYQ9tDzJouL9Tyx2dgMCcHV2pBaY8yVtorbDqYYwiDRS2zd1TbhTA2FMHqXF3SMjBoO+gONZcDoA79gdSA==",
        "dependencies": {
          "Microsoft.Extensions.Configuration": "9.0.6",
          "Microsoft.Extensions.Configuration.Abstractions": "9.0.6",
          "Microsoft.Extensions.Configuration.FileExtensions": "9.0.6",
          "Microsoft.Extensions.FileProviders.Abstractions": "9.0.6"
        }
      },
      "Microsoft.Extensions.DependencyInjection": {
        "type": "Transitive",
        "resolved": "9.0.7",
        "contentHash": "i05AYA91vgq0as84ROVCyltD2gnxaba/f1Qw2rG7mUsS0gv8cPTr1Gm7jPQHq7JTr4MJoQUcanLVs16tIOUJaQ==",
        "dependencies": {
          "Microsoft.Extensions.DependencyInjection.Abstractions": "9.0.7"
        }
      },
      "Microsoft.Extensions.DependencyInjection.Abstractions": {
        "type": "Transitive",
        "resolved": "9.0.7",
        "contentHash": "iPK1FxbGFr2Xb+4Y+dTYI8Gupu9pOi8I3JPuPsrogUmEhe2hzZ9LpCmolMEBhVDo2ikcSr7G5zYiwaapHSQTew=="
      },
      "Microsoft.Extensions.Diagnostics": {
        "type": "Transitive",
        "resolved": "9.0.6",
        "contentHash": "mIqCzZseDK9SqTRy4LxtjLwjlUu6aH5UdA6j0vgVER14yki9oRqLF+SmBiF6OlwsBSeL6dMQ8dmq02JMeE2puQ==",
        "dependencies": {
          "Microsoft.Extensions.Configuration": "9.0.6",
          "Microsoft.Extensions.Diagnostics.Abstractions": "9.0.6",
          "Microsoft.Extensions.Options.ConfigurationExtensions": "9.0.6"
        }
      },
      "Microsoft.Extensions.Diagnostics.Abstractions": {
        "type": "Transitive",
        "resolved": "9.0.6",
        "contentHash": "GIoXX7VDcTEsNM6yvffTBaOwnPQELGI5dzExR7L2O7AUkDsHBYIZawUbuwfq3cYzz8dIAAJotQYJMzH7qy27Ng==",
        "dependencies": {
          "Microsoft.Extensions.DependencyInjection.Abstractions": "9.0.6",
          "Microsoft.Extensions.Options": "9.0.6"
        }
      },
      "Microsoft.Extensions.FileProviders.Abstractions": {
        "type": "Transitive",
        "resolved": "9.0.6",
        "contentHash": "q9FPkSGVA9ipI255p3PBAvWNXas5Tzjyp/DwYSwT+46mIFw9fWZahsF6vHpoxLt5/vtANotH2sAm7HunuFIx9g==",
        "dependencies": {
          "Microsoft.Extensions.Primitives": "9.0.6"
        }
      },
      "Microsoft.Extensions.FileProviders.Physical": {
        "type": "Transitive",
        "resolved": "9.0.6",
        "contentHash": "l+dFA0NRl90vSIiJNy5d7V0kpTEOWHTqbgoWYzlTwF5uiM5sWJ953haaELKE05jkyJdnemVTnqjrlgo4wo7oyg==",
        "dependencies": {
          "Microsoft.Extensions.FileProviders.Abstractions": "9.0.6",
          "Microsoft.Extensions.FileSystemGlobbing": "9.0.6",
          "Microsoft.Extensions.Primitives": "9.0.6"
        }
      },
      "Microsoft.Extensions.FileSystemGlobbing": {
        "type": "Transitive",
        "resolved": "9.0.6",
        "contentHash": "1HJCAbwukNEoYbHgHbKHmenU0V/0huw8+i7Qtf5rLUG1E+3kEwRJQxpwD3wbTEagIgPSQisNgJTvmUX9yYVc6g=="
      },
      "Microsoft.Extensions.Http": {
        "type": "Transitive",
        "resolved": "9.0.6",
        "contentHash": "YoCEkjHHeeKsOzaJaGKuwsi1Ijckkm/+bv5RXmsKA0/qW4veY0eh5lVtkOXxkqQbVRuK3sObhxRM0UeuF6yAgA==",
        "dependencies": {
          "Microsoft.Extensions.Configuration.Abstractions": "9.0.6",
          "Microsoft.Extensions.DependencyInjection.Abstractions": "9.0.6",
          "Microsoft.Extensions.Diagnostics": "9.0.6",
          "Microsoft.Extensions.Logging": "9.0.6",
          "Microsoft.Extensions.Logging.Abstractions": "9.0.6",
          "Microsoft.Extensions.Options": "9.0.6"
        }
      },
      "Microsoft.Extensions.Localization.Abstractions": {
        "type": "Transitive",
        "resolved": "8.0.2",
        "contentHash": "OayukRVoRD6v7SSVb9AJXtWPpkpYNHWd8yq2DwX/KgyyefP4pf6NuEfEEXDjm7Emf+C3XfZTPEBeZfWDTE+4EQ=="
      },
      "Microsoft.Extensions.Logging": {
        "type": "Transitive",
        "resolved": "9.0.7",
        "contentHash": "fdIeQpXYV8yxSWG03cCbU2Otdrq4NWuhnQLXokWLv3L9YcK055E7u8WFJvP+uuP4CFeCEoqZQL4yPcjuXhCZrg==",
        "dependencies": {
          "Microsoft.Extensions.DependencyInjection": "9.0.7",
          "Microsoft.Extensions.Logging.Abstractions": "9.0.7",
          "Microsoft.Extensions.Options": "9.0.7"
        }
      },
      "Microsoft.Extensions.Logging.Abstractions": {
        "type": "Transitive",
        "resolved": "9.0.7",
        "contentHash": "sMM6NEAdUTE/elJ2wqjOi0iBWqZmSyaTByLF9e8XHv6DRJFFnOe0N+s8Uc6C91E4SboQCfLswaBIZ+9ZXA98AA==",
        "dependencies": {
          "Microsoft.Extensions.DependencyInjection.Abstractions": "9.0.7"
        }
      },
      "Microsoft.Extensions.Options": {
        "type": "Transitive",
        "resolved": "9.0.7",
        "contentHash": "trJnF6cRWgR5uMmHpGoHmM1wOVFdIYlELlkO9zX+RfieK0321Y55zrcs4AaEymKup7dxgEN/uJU25CAcMNQRXw==",
        "dependencies": {
          "Microsoft.Extensions.DependencyInjection.Abstractions": "9.0.7",
          "Microsoft.Extensions.Primitives": "9.0.7"
        }
      },
      "Microsoft.Extensions.Options.ConfigurationExtensions": {
        "type": "Transitive",
        "resolved": "9.0.6",
        "contentHash": "2lnp8nrvfzyp+5zvfeULm/hkZsDsKkl2ziBt5T8EZKoON5q+XRpRLoWcSPo8mP7GNZXpxKMBVjFNIZNbBIcnRw==",
        "dependencies": {
          "Microsoft.Extensions.Configuration.Abstractions": "9.0.6",
          "Microsoft.Extensions.Configuration.Binder": "9.0.6",
          "Microsoft.Extensions.DependencyInjection.Abstractions": "9.0.6",
          "Microsoft.Extensions.Options": "9.0.6",
          "Microsoft.Extensions.Primitives": "9.0.6"
        }
      },
      "Microsoft.Extensions.Primitives": {
        "type": "Transitive",
        "resolved": "9.0.7",
        "contentHash": "ti/zD9BuuO50IqlvhWQs9GHxkCmoph5BHjGiWKdg2t6Or8XoyAfRJiKag+uvd/fpASnNklfsB01WpZ4fhAe0VQ=="
      },
      "Microsoft.JSInterop": {
        "type": "Transitive",
        "resolved": "9.0.6",
        "contentHash": "IS9tI2pnpeoX+d4CO4FuTsm+6uymanPGSpBhHefTfMNIwBUvwLIcXch4su0QEW4MSslYdDJ9yzz2+OuIUuI5lw=="
      },
      "Microsoft.JSInterop.WebAssembly": {
        "type": "Transitive",
        "resolved": "9.0.6",
        "contentHash": "y93mMbFyYo5lq9cDkm2wYlob7RmeKulZVpjMYUOIztry/TpXlHrFgBb2TcWMuKnwvfbf4Ag6oIx+F3aQAAVA6A==",
        "dependencies": {
          "Microsoft.JSInterop": "9.0.6"
        }
      },
      "Microsoft.Net.Http.Headers": {
        "type": "Transitive",
        "resolved": "9.0.6",
        "contentHash": "YwD5LtA45rgLeJV9+DvRolwue2+s/Y1br5BFL+XdakM8Q859ICkbuH3ymvD+ibnXXkHsDaEvr8Sc+nauisABOg==",
        "dependencies": {
          "Microsoft.Extensions.Primitives": "9.0.6"
        }
      },
      "Microsoft.Testing.Extensions.TrxReport.Abstractions": {
        "type": "Transitive",
        "resolved": "1.7.1",
        "contentHash": "nOveCYpJlbCjFzzv8SQjuFAjGPCDrnvD3pWV4QvhHtEio3ixwH1CHY+vKJwFoM05twqDmIFWcdT0QQF7ZwIuFg==",
        "dependencies": {
          "Microsoft.Testing.Platform": "1.7.1"
        }
      },
      "Microsoft.Testing.Platform.MSBuild": {
        "type": "Transitive",
        "resolved": "1.4.3",
        "contentHash": "1gGqgHtiZ6tZn/6Tby+qlKpNe5Ye/5LnxlSsyl4XMZ4m4V+Cu1K1m+gD1zxoxHIvLjgX8mCnQRK95MGBBFuumw==",
        "dependencies": {
          "Microsoft.Testing.Platform": "1.4.3"
        }
      },
      "System.Text.Encoding.CodePages": {
        "type": "Transitive",
        "resolved": "8.0.0",
        "contentHash": "OZIsVplFGaVY90G2SbpgU7EnCoOO5pw1t4ic21dBF3/1omrJFpAGoNAVpPyMVOC90/hvgkGG3VFqR13YgZMQfg=="
      },
      "TUnit.Core": {
        "type": "Transitive",
        "resolved": "0.25.21",
        "contentHash": "vlYyHa2oxvrFtDPu7Jw0yibY5KU7fDcSMcGj3yuWumIkh3oh/o9AT11kfzuef/kUSdzRbyQzAsu+V/4GbB3UQA=="
      },
      "TUnit.Engine": {
        "type": "Transitive",
        "resolved": "0.25.21",
        "contentHash": "+Ki0ZSMkjvQ1cWkInPg1YpxaXwijFmoMVZ+y/28HQRXM6HU2PE/YAMgRI9aX0X6z7K8EfhOJbnm10TwP/ibLqw==",
        "dependencies": {
          "EnumerableAsyncProcessor": "2.1.0",
          "Microsoft.Testing.Extensions.TrxReport.Abstractions": "1.7.1",
          "Microsoft.Testing.Platform": "1.7.1",
          "Microsoft.Testing.Platform.MSBuild": "1.4.3",
          "TUnit.Core": "0.25.21"
        }
      },
      "redmuffin.blazor.staticweb": {
        "type": "Project",
        "dependencies": {
          "Blazored.LocalStorage": "[4.5.0, )",
          "BuildWebCompiler2022": "[1.14.15, )",
          "Markdig": "[0.41.3, )",
          "Microsoft.AspNetCore.Components.Authorization": "[9.0.6, )",
          "Microsoft.AspNetCore.Components.WebAssembly": "[9.0.6, )",
          "Microsoft.AspNetCore.WebUtilities": "[9.0.6, )",
          "Microsoft.Extensions.Http": "[9.0.6, )",
          "redmuffin.Blazor.StaticWeb.Common": "[0.1.0, )"
        }
      },
      "redmuffin.blazor.staticweb.common": {
        "type": "Project",
        "dependencies": {
          "JetBrains.Annotations": "[2025.2.0, )",
          "Microsoft.Extensions.Logging": "[9.0.7, )"
        }
      }
    }
  }
}